
Microsoft Visual Studio Solution File, Format Version 12.00
# Visual Studio Version 17
VisualStudioVersion = 17.10.35122.118
MinimumVisualStudioVersion = 10.0.40219.1
Project("{F184B08F-C81C-45F6-A57F-5ABD9991F28F}") = "BinarySearch", "BinarySearch\BinarySearch.vbproj", "{133E3D61-C4D9-4CD4-9D34-04A9F8E0268F}"
EndProject
Global
	GlobalSection(SolutionConfigurationPlatforms) = preSolution
		Debug|Any CPU = Debug|Any CPU
		Release|Any CPU = Release|Any CPU
	EndGlobalSection
	GlobalSection(ProjectConfigurationPlatforms) = postSolution
		{133E3D61-C4D9-4CD4-9D34-04A9F8E0268F}.Debug|Any CPU.ActiveCfg = Debug|Any CPU
		{133E3D61-C4D9-4CD4-9D34-04A9F8E0268F}.Debug|Any CPU.Build.0 = Debug|Any CPU
		{133E3D61-C4D9-4CD4-9D34-04A9F8E0268F}.Release|Any CPU.ActiveCfg = Release|Any CPU
		{133E3D61-C4D9-4CD4-9D34-04A9F8E0268F}.Release|Any CPU.Build.0 = Release|Any CPU
	EndGlobalSection
	GlobalSection(SolutionProperties) = preSolution
		HideSolutionNode = FALSE
	EndGlobalSection
	GlobalSection(ExtensibilityGlobals) = postSolution
		SolutionGuid = {4DCFEE3C-D69F-4412-9E36-F10D0C5C8BB0}
	EndGlobalSection
EndGlobal
